
Microsoft Visual Studio Solution File, Format Version 12.00
# Visual Studio Version 17
VisualStudioVersion = 17.8.34525.116
MinimumVisualStudioVersion = 10.0.40219.1
Project("{FAE04EC0-301F-11D3-BF4B-00C04F79EFBC}") = "esercizioS18L1", "esercizioS18L1.csproj", "{B957823E-13D2-4E94-8CE3-140AD137A4F4}"
EndProject
Global
	GlobalSection(SolutionConfigurationPlatforms) = preSolution
		Debug|Any CPU = Debug|Any CPU
		Release|Any CPU = Release|Any CPU
	EndGlobalSection
	GlobalSection(ProjectConfigurationPlatforms) = postSolution
		{B957823E-13D2-4E94-8CE3-140AD137A4F4}.Debug|Any CPU.ActiveCfg = Debug|Any CPU
		{B957823E-13D2-4E94-8CE3-140AD137A4F4}.Debug|Any CPU.Build.0 = Debug|Any CPU
		{B957823E-13D2-4E94-8CE3-140AD137A4F4}.Release|Any CPU.ActiveCfg = Release|Any CPU
		{B957823E-13D2-4E94-8CE3-140AD137A4F4}.Release|Any CPU.Build.0 = Release|Any CPU
	EndGlobalSection
	GlobalSection(SolutionProperties) = preSolution
		HideSolutionNode = FALSE
	EndGlobalSection
	GlobalSection(ExtensibilityGlobals) = postSolution
		SolutionGuid = {057580BF-350A-43CF-AB55-B4164F01C6AE}
	EndGlobalSection
EndGlobal
